// !$*UTF8*$!
{
	archiveVersion = 1;
	classes = {
	};
	objectVersion = 56;
	objects = {

/* Begin PBXBuildFile section */
		D08968A7D9A7471C95FA4F93 /* IconView.swift in Sources */ = {isa = PBXBuildFile; fileRef = 0F9378938F1640C1AFBAA12E /* IconView.swift */; };
		A3E1E471F7DC4AC9B8035B81 /* Assets.xcassets in Resources */ = {isa = PBXBuildFile; fileRef = 54B4BA68C7EE48CB934EDB86 /* Assets.xcassets */; };
		9413EBA72341428C960006A5 /* ContentView.swift in Sources */ = {isa = PBXBuildFile; fileRef = 9EEFBB4959764D0E896D8164 /* ContentView.swift */; };
		C665DBBB6B5E4FA6A5F703F8 /* LinkPawApp.swift in Sources */ = {isa = PBXBuildFile; fileRef = 05720A92CBBC4555848F8A65 /* LinkPawApp.swift */; };
		ED80CCB70C0442F0B284488C /* StubGenerator.swift in Sources */ = {isa = PBXBuildFile; fileRef = CA6A1AB8CFB2430690F31390 /* StubGenerator.swift */; };
		BD07A2D676DB4BFDA27AA9FA /* Info.plist in Resources */ = {isa = PBXBuildFile; fileRef = 9CCFF39ED7A9480CBC5EFE70 /* Info.plist */; };
		5C48E1FABC7047A2BDBD24C8 /* scripts/firefox-container in Resources */ = {isa = PBXBuildFile; fileRef = 526F911AAA884BB29669509C /* scripts/firefox-container */; };
/* End PBXBuildFile section */

/* Begin PBXFileReference section */
		0F9378938F1640C1AFBAA12E /* IconView.swift */ = {isa = PBXFileReference; lastKnownFileType = sourcecode.swift; path = IconView.swift; sourceTree = "<group>"; };
		54B4BA68C7EE48CB934EDB86 /* Assets.xcassets */ = {isa = PBXFileReference; lastKnownFileType = folder.assetcatalog; path = Assets.xcassets; sourceTree = "<group>"; };
		CF50958418714073B8332B29 /* LinkPaw.app */ = {isa = PBXFileReference; explicitFileType = wrapper.application; includeInIndex = 0; path = LinkPaw.app; sourceTree = BUILT_PRODUCTS_DIR; };
		9EEFBB4959764D0E896D8164 /* ContentView.swift */ = {isa = PBXFileReference; lastKnownFileType = sourcecode.swift; path = ContentView.swift; sourceTree = "<group>"; };
		05720A92CBBC4555848F8A65 /* LinkPawApp.swift */ = {isa = PBXFileReference; lastKnownFileType = sourcecode.swift; path = LinkPawApp.swift; sourceTree = "<group>"; };
		CA6A1AB8CFB2430690F31390 /* StubGenerator.swift */ = {isa = PBXFileReference; lastKnownFileType = sourcecode.swift; path = StubGenerator.swift; sourceTree = "<group>"; };
		9CCFF39ED7A9480CBC5EFE70 /* Info.plist */ = {isa = PBXFileReference; lastKnownFileType = text.plist.xml; path = Info.plist; sourceTree = "<group>"; };
		526F911AAA884BB29669509C /* scripts/firefox-container */ = {isa = PBXFileReference; lastKnownFileType = folder; path = scripts/firefox-container; sourceTree = "<group>"; };
/* End PBXFileReference section */

/* Begin PBXFrameworksBuildPhase section */
		2F827530E73545D7A18B76DE /* Frameworks */ = {
			isa = PBXFrameworksBuildPhase;
			buildActionMask = 2147483647;
			files = (
			);
			runOnlyForDeploymentPostprocessing = 0;
		};
/* End PBXFrameworksBuildPhase section */

/* Begin PBXGroup section */
		9954F28FAB284F7CB25DFBFB = {
			isa = PBXGroup;
			children = (
				5B3FC25D2F004BFBBEC61692 /* LinkPaw */,
				378C9FA49C4F432789DE7B35 /* Products */,
			);
			sourceTree = "<group>";
		};
		5B3FC25D2F004BFBBEC61692 /* LinkPaw */ = {
			isa = PBXGroup;
			children = (
				0F9378938F1640C1AFBAA12E /* IconView.swift */,
				54B4BA68C7EE48CB934EDB86 /* Assets.xcassets */,
				9EEFBB4959764D0E896D8164 /* ContentView.swift */,
				05720A92CBBC4555848F8A65 /* LinkPawApp.swift */,
				CA6A1AB8CFB2430690F31390 /* StubGenerator.swift */,
				9CCFF39ED7A9480CBC5EFE70 /* Info.plist */,
				526F911AAA884BB29669509C /* scripts/firefox-container */,
			);
			path = LinkPaw;
			sourceTree = "<group>";
		};
		378C9FA49C4F432789DE7B35 /* Products */ = {
			isa = PBXGroup;
			children = (
				CF50958418714073B8332B29 /* LinkPaw.app */,
			);
			name = Products;
			sourceTree = "<group>";
		};
/* End PBXGroup section */

/* Begin PBXNativeTarget section */
		A5827493B7284121B90FDD37 /* LinkPaw */ = {
			isa = PBXNativeTarget;
			buildConfigurationList = F252508E5ADF42039AD06787 /* Build configuration list for PBXNativeTarget "LinkPaw" */;
			buildPhases = (
				5F06A3CEBB834D90AEFD98D2 /* Sources */,
				2F827530E73545D7A18B76DE /* Frameworks */,
				2D1070B312BD44AE8571D855 /* Resources */,
			);
			buildRules = (
			);
			dependencies = (
			);
			name = LinkPaw;
			productName = LinkPaw;
			productReference = CF50958418714073B8332B29 /* LinkPaw.app */;
			productType = "com.apple.product-type.application";
		};
/* End PBXNativeTarget section */

/* Begin PBXProject section */
		95C3BCF2FD504FE5A6B34F68 /* Project object */ = {
			isa = PBXProject;
			attributes = {
				LastSwiftUpdateCheck = 1500;
				LastUpgradeCheck = 1500;
				TargetAttributes = {
					A5827493B7284121B90FDD37 = {
						CreatedOnToolsVersion = 15.0;
					};
				};
			};
			buildConfigurationList = 01C34DD7A67B45BE8FCCAB47 /* Build configuration list for PBXProject "LinkPaw" */;
			compatibilityVersion = "Xcode 14.0";
			developmentRegion = en;
			hasScannedForEncodings = 0;
			knownRegions = (
				en,
				Base,
			);
			mainGroup = 9954F28FAB284F7CB25DFBFB;
			productRefGroup = 378C9FA49C4F432789DE7B35 /* Products */;
			projectDirPath = "";
			projectRoot = "";
			targets = (
				A5827493B7284121B90FDD37 /* LinkPaw */,
			);
		};
/* End PBXProject section */

/* Begin PBXResourcesBuildPhase section */
		2D1070B312BD44AE8571D855 /* Resources */ = {
			isa = PBXResourcesBuildPhase;
			buildActionMask = 2147483647;
			files = (
				A3E1E471F7DC4AC9B8035B81 /* Assets.xcassets in Resources */,
				BD07A2D676DB4BFDA27AA9FA /* Info.plist in Resources */,
				5C48E1FABC7047A2BDBD24C8 /* scripts/firefox-container in Resources */,
			);
			runOnlyForDeploymentPostprocessing = 0;
		};
/* End PBXResourcesBuildPhase section */

/* Begin PBXSourcesBuildPhase section */
		5F06A3CEBB834D90AEFD98D2 /* Sources */ = {
			isa = PBXSourcesBuildPhase;
			buildActionMask = 2147483647;
			files = (
				D08968A7D9A7471C95FA4F93 /* IconView.swift in Sources */,
				9413EBA72341428C960006A5 /* ContentView.swift in Sources */,
				C665DBBB6B5E4FA6A5F703F8 /* LinkPawApp.swift in Sources */,
				ED80CCB70C0442F0B284488C /* StubGenerator.swift in Sources */,
			);
			runOnlyForDeploymentPostprocessing = 0;
		};
/* End PBXSourcesBuildPhase section */

/* Begin XCBuildConfiguration section */
		C42416DB5A9A4BA5BC863362 /* Debug */ = {
			isa = XCBuildConfiguration;
			buildSettings = {
				ALWAYS_SEARCH_USER_PATHS = NO;
				CLANG_ANALYZER_NONNULL = YES;
				CLANG_ANALYZER_NUMBER_OBJECT_CONVERSION = YES_AGGRESSIVE;
				CLANG_CXX_LANGUAGE_STANDARD = "gnu++20";
				CLANG_ENABLE_MODULES = YES;
				CLANG_ENABLE_OBJC_ARC = YES;
				CLANG_ENABLE_OBJC_WEAK = YES;
				CLANG_WARN_BLOCK_CAPTURE_AUTORELEASING = YES;
				CLANG_WARN_BOOL_CONVERSION = YES;
				CLANG_WARN_COMMA = YES;
				CLANG_WARN_CONSTANT_CONVERSION = YES;
				CLANG_WARN_DEPRECATED_OBJC_IMPLEMENTATIONS = YES;
				CLANG_WARN_DIRECT_OBJC_ISA_USAGE = YES_ERROR;
				CLANG_WARN_DOCUMENTATION_COMMENTS = YES;
				CLANG_WARN_EMPTY_BODY = YES;
				CLANG_WARN_ENUM_CONVERSION = YES;
				CLANG_WARN_INFINITE_RECURSION = YES;
				CLANG_WARN_INT_CONVERSION = YES;
				CLANG_WARN_NON_LITERAL_NULL_CONVERSION = YES;
				CLANG_WARN_OBJC_IMPLICIT_RETAIN_SELF = YES;
				CLANG_WARN_OBJC_LITERAL_CONVERSION = YES;
				CLANG_WARN_OBJC_ROOT_CLASS = YES_ERROR;
				CLANG_WARN_QUOTED_INCLUDE_IN_FRAMEWORK_HEADER = YES;
				CLANG_WARN_RANGE_LOOP_ANALYSIS = YES;
				CLANG_WARN_STRICT_PROTOTYPES = YES;
				CLANG_WARN_SUSPICIOUS_MOVE = YES;
				CLANG_WARN_UNGUARDED_AVAILABILITY = YES_AGGRESSIVE;
				CLANG_WARN_UNREACHABLE_CODE = YES;
				CLANG_WARN__DUPLICATE_METHOD_MATCH = YES;
				COPY_PHASE_STRIP = NO;
				DEBUG_INFORMATION_FORMAT = dwarf;
				ENABLE_STRICT_OBJC_MSGSEND = YES;
				ENABLE_TESTABILITY = YES;
				GCC_C_LANGUAGE_STANDARD = gnu17;
				GCC_DYNAMIC_NO_PIC = NO;
				GCC_NO_COMMON_BLOCKS = YES;
				GCC_OPTIMIZATION_LEVEL = 0;
				GCC_PREPROCESSOR_DEFINITIONS = (
					"DEBUG=1",
					"$(inherited)",
				);
				GCC_WARN_64_TO_32_BIT_CONVERSION = YES;
				GCC_WARN_ABOUT_RETURN_TYPE = YES_ERROR;
				GCC_WARN_UNDECLARED_SELECTOR = YES;
				GCC_WARN_UNINITIALIZED_AUTOS = YES_AGGRESSIVE;
				GCC_WARN_UNUSED_FUNCTION = YES;
				GCC_WARN_UNUSED_VARIABLE = YES;
				MACOSX_DEPLOYMENT_TARGET = 14.0;
				MTL_ENABLE_DEBUG_INFO = INCLUDE_SOURCE;
				MTL_FAST_MATH = YES;
				ONLY_ACTIVE_ARCH = YES;
				SDKROOT = macosx;
				SWIFT_ACTIVE_COMPILATION_CONDITIONS = DEBUG;
				SWIFT_OPTIMIZATION_LEVEL = "-Onone";
			};
			name = Debug;
		};
		60BF8A585FEA4D098AC65E45 /* Release */ = {
			isa = XCBuildConfiguration;
			buildSettings = {
				ALWAYS_SEARCH_USER_PATHS = NO;
				CLANG_ANALYZER_NONNULL = YES;
				CLANG_ANALYZER_NUMBER_OBJECT_CONVERSION = YES_AGGRESSIVE;
				CLANG_CXX_LANGUAGE_STANDARD = "gnu++20";
				CLANG_ENABLE_MODULES = YES;
				CLANG_ENABLE_OBJC_ARC = YES;
				CLANG_ENABLE_OBJC_WEAK = YES;
				CLANG_WARN_BLOCK_CAPTURE_AUTORELEASING = YES;
				CLANG_WARN_BOOL_CONVERSION = YES;
				CLANG_WARN_COMMA = YES;
				CLANG_WARN_CONSTANT_CONVERSION = YES;
				CLANG_WARN_DEPRECATED_OBJC_IMPLEMENTATIONS = YES;
				CLANG_WARN_DIRECT_OBJC_ISA_USAGE = YES_ERROR;
				CLANG_WARN_DOCUMENTATION_COMMENTS = YES;
				CLANG_WARN_EMPTY_BODY = YES;
				CLANG_WARN_ENUM_CONVERSION = YES;
				CLANG_WARN_INFINITE_RECURSION = YES;
				CLANG_WARN_INT_CONVERSION = YES;
				CLANG_WARN_NON_LITERAL_NULL_CONVERSION = YES;
				CLANG_WARN_OBJC_IMPLICIT_RETAIN_SELF = YES;
				CLANG_WARN_OBJC_LITERAL_CONVERSION = YES;
				CLANG_WARN_OBJC_ROOT_CLASS = YES_ERROR;
				CLANG_WARN_QUOTED_INCLUDE_IN_FRAMEWORK_HEADER = YES;
				CLANG_WARN_RANGE_LOOP_ANALYSIS = YES;
				CLANG_WARN_STRICT_PROTOTYPES = YES;
				CLANG_WARN_SUSPICIOUS_MOVE = YES;
				CLANG_WARN_UNGUARDED_AVAILABILITY = YES_AGGRESSIVE;
				CLANG_WARN_UNREACHABLE_CODE = YES;
				CLANG_WARN__DUPLICATE_METHOD_MATCH = YES;
				COPY_PHASE_STRIP = YES;
				DEBUG_INFORMATION_FORMAT = "dwarf-with-dsym";
				ENABLE_NS_ASSERTIONS = NO;
				ENABLE_STRICT_OBJC_MSGSEND = YES;
				GCC_C_LANGUAGE_STANDARD = gnu17;
				GCC_NO_COMMON_BLOCKS = YES;
				GCC_WARN_64_TO_32_BIT_CONVERSION = YES;
				GCC_WARN_ABOUT_RETURN_TYPE = YES_ERROR;
				GCC_WARN_UNDECLARED_SELECTOR = YES;
				GCC_WARN_UNINITIALIZED_AUTOS = YES_AGGRESSIVE;
				GCC_WARN_UNUSED_FUNCTION = YES;
				GCC_WARN_UNUSED_VARIABLE = YES;
				MACOSX_DEPLOYMENT_TARGET = 14.0;
				MTL_ENABLE_DEBUG_INFO = NO;
				MTL_FAST_MATH = YES;
				SDKROOT = macosx;
				SWIFT_COMPILATION_MODE = wholemodule;
				SWIFT_OPTIMIZATION_LEVEL = "-O";
			};
			name = Release;
		};
		39BD8AF6817F454798D7BB22 /* Debug */ = {
			isa = XCBuildConfiguration;
			buildSettings = {
				ASSETCATALOG_COMPILER_APPICON_NAME = AppIcon;
				ASSETCATALOG_COMPILER_INCLUDE_ALL_APPICON_ASSETS = YES;
				ASSETCATALOG_COMPILER_GLOBAL_ACCENT_COLOR_NAME = AccentColor;
				CODE_SIGN_STYLE = Automatic;
				COMBINE_HIDPI_IMAGES = YES;
				INFOPLIST_FILE = LinkPaw/Info.plist;
				LD_RUNPATH_SEARCH_PATHS = (
					"$(inherited)",
					"@executable_path/../Frameworks",
				);
				PRODUCT_BUNDLE_IDENTIFIER = com.zonywhoop.LinkPaw;
				PRODUCT_NAME = "$(TARGET_NAME)";
				SWIFT_EMIT_LOC_STRINGS = YES;
				SWIFT_VERSION = 5.0;
			};
			name = Debug;
		};
		28408F3449324C6CA353D106 /* Release */ = {
			isa = XCBuildConfiguration;
			buildSettings = {
				ASSETCATALOG_COMPILER_APPICON_NAME = AppIcon;
				ASSETCATALOG_COMPILER_INCLUDE_ALL_APPICON_ASSETS = YES;
				ASSETCATALOG_COMPILER_GLOBAL_ACCENT_COLOR_NAME = AccentColor;
				CODE_SIGN_STYLE = Automatic;
				COMBINE_HIDPI_IMAGES = YES;
				INFOPLIST_FILE = LinkPaw/Info.plist;
				LD_RUNPATH_SEARCH_PATHS = (
					"$(inherited)",
					"@executable_path/../Frameworks",
				);
				PRODUCT_BUNDLE_IDENTIFIER = com.zonywhoop.LinkPaw;
				PRODUCT_NAME = "$(TARGET_NAME)";
				SWIFT_EMIT_LOC_STRINGS = YES;
				SWIFT_VERSION = 5.0;
			};
			name = Release;
		};
/* End XCBuildConfiguration section */

/* Begin XCConfigurationList section */
		01C34DD7A67B45BE8FCCAB47 /* Build configuration list for PBXProject "LinkPaw" */ = {
			isa = XCConfigurationList;
			buildConfigurations = (
				C42416DB5A9A4BA5BC863362 /* Debug */,
				60BF8A585FEA4D098AC65E45 /* Release */,
			);
			defaultConfigurationIsVisible = 0;
			defaultConfigurationName = Release;
		};
		F252508E5ADF42039AD06787 /* Build configuration list for PBXNativeTarget "LinkPaw" */ = {
			isa = XCConfigurationList;
			buildConfigurations = (
				39BD8AF6817F454798D7BB22 /* Debug */,
				28408F3449324C6CA353D106 /* Release */,
			);
			defaultConfigurationIsVisible = 0;
			defaultConfigurationName = Release;
		};
/* End XCConfigurationList section */
	};
	rootObject = 95C3BCF2FD504FE5A6B34F68 /* Project object */;
}

